# This is a Gradle generated file for dependency locking.
# Manual edits can break the build and are not advised.
# This file is expected to be part of source control.
antlr:antlr:2.7.7=runtimeClasspath
ch.qos.logback:logback-classic:1.4.14=runtimeClasspath
ch.qos.logback:logback-core:1.4.14=runtimeClasspath
com.fasterxml.jackson.core:jackson-annotations:2.15.4=runtimeClasspath
com.fasterxml.jackson.core:jackson-core:2.15.4=runtimeClasspath
com.fasterxml.jackson.core:jackson-databind:2.15.4=runtimeClasspath
com.fasterxml.jackson.datatype:jackson-datatype-jdk8:2.15.4=runtimeClasspath
com.fasterxml.jackson.datatype:jackson-datatype-jsr310:2.15.4=runtimeClasspath
com.fasterxml.jackson.module:jackson-module-parameter-names:2.15.4=runtimeClasspath
com.fasterxml.jackson:jackson-bom:2.15.4=runtimeClasspath
com.fasterxml.woodstox:woodstox-core:6.2.1=runtimeClasspath
com.fasterxml:classmate:1.6.0=runtimeClasspath
com.github.luben:zstd-jni:1.5.5-1=runtimeClasspath
com.google.code.findbugs:jsr305:3.0.2=runtimeClasspath
com.google.code.gson:gson:2.10.1=runtimeClasspath
com.google.guava:guava:19.0=runtimeClasspath
com.mysql:mysql-connector-j:8.3.0=runtimeClasspath
com.netflix.eureka:eureka-client:2.0.2=runtimeClasspath
com.netflix.eureka:eureka-core:2.0.2=runtimeClasspath
com.netflix.netflix-commons:netflix-eventbus:0.3.0=runtimeClasspath
com.netflix.netflix-commons:netflix-infix:0.3.0=runtimeClasspath
com.netflix.servo:servo-core:0.12.21=runtimeClasspath
com.stoyanr:evictor:1.0.0=runtimeClasspath
com.sun.istack:istack-commons-runtime:4.1.2=runtimeClasspath
com.thoughtworks.xstream:xstream:1.4.19=runtimeClasspath
com.zaxxer:HikariCP:5.0.1=runtimeClasspath
commons-codec:commons-codec:1.16.1=runtimeClasspath
commons-configuration:commons-configuration:1.10=runtimeClasspath
commons-jxpath:commons-jxpath:1.3=runtimeClasspath
commons-lang:commons-lang:2.6=runtimeClasspath
io.github.x-stream:mxparser:1.2.2=runtimeClasspath
io.jsonwebtoken:jjwt-api:0.11.5=runtimeClasspath
io.jsonwebtoken:jjwt-impl:0.11.5=runtimeClasspath
io.jsonwebtoken:jjwt-jackson:0.11.5=runtimeClasspath
io.micrometer:micrometer-commons:1.12.5=runtimeClasspath
io.micrometer:micrometer-core:1.12.5=runtimeClasspath
io.micrometer:micrometer-jakarta9:1.12.5=runtimeClasspath
io.micrometer:micrometer-observation:1.12.5=runtimeClasspath
io.netty:netty-buffer:4.1.109.Final=runtimeClasspath
io.netty:netty-codec-dns:4.1.109.Final=runtimeClasspath
io.netty:netty-codec-http2:4.1.109.Final=runtimeClasspath
io.netty:netty-codec-http:4.1.109.Final=runtimeClasspath
io.netty:netty-codec-socks:4.1.109.Final=runtimeClasspath
io.netty:netty-codec:4.1.109.Final=runtimeClasspath
io.netty:netty-common:4.1.109.Final=runtimeClasspath
io.netty:netty-handler-proxy:4.1.109.Final=runtimeClasspath
io.netty:netty-handler:4.1.109.Final=runtimeClasspath
io.netty:netty-resolver-dns-classes-macos:4.1.109.Final=runtimeClasspath
io.netty:netty-resolver-dns-native-macos:4.1.109.Final=runtimeClasspath
io.netty:netty-resolver-dns:4.1.109.Final=runtimeClasspath
io.netty:netty-resolver:4.1.109.Final=runtimeClasspath
io.netty:netty-transport-classes-epoll:4.1.109.Final=runtimeClasspath
io.netty:netty-transport-native-epoll:4.1.109.Final=runtimeClasspath
io.netty:netty-transport-native-unix-common:4.1.109.Final=runtimeClasspath
io.netty:netty-transport:4.1.109.Final=runtimeClasspath
io.projectreactor.addons:reactor-extra:3.5.1=runtimeClasspath
io.projectreactor.netty:reactor-netty-core:1.1.18=runtimeClasspath
io.projectreactor.netty:reactor-netty-http:1.1.18=runtimeClasspath
io.projectreactor:reactor-core:3.6.5=runtimeClasspath
io.smallrye:jandex:3.1.2=runtimeClasspath
jakarta.activation:jakarta.activation-api:2.1.3=runtimeClasspath
jakarta.annotation:jakarta.annotation-api:2.1.1=runtimeClasspath
jakarta.inject:jakarta.inject-api:2.0.1=runtimeClasspath
jakarta.persistence:jakarta.persistence-api:3.1.0=runtimeClasspath
jakarta.transaction:jakarta.transaction-api:2.0.1=runtimeClasspath
jakarta.validation:jakarta.validation-api:3.0.2=runtimeClasspath
jakarta.ws.rs:jakarta.ws.rs-api:3.1.0=runtimeClasspath
jakarta.xml.bind:jakarta.xml.bind-api:4.0.2=runtimeClasspath
joda-time:joda-time:2.3=runtimeClasspath
net.bytebuddy:byte-buddy:1.14.13=runtimeClasspath
org.antlr:antlr-runtime:3.4=runtimeClasspath
org.antlr:antlr4-runtime:4.13.0=runtimeClasspath
org.antlr:stringtemplate:3.2.1=runtimeClasspath
org.apache.commons:commons-lang3:3.13.0=runtimeClasspath
org.apache.commons:commons-math:2.2=runtimeClasspath
org.apache.httpcomponents.client5:httpclient5:5.2.3=runtimeClasspath
org.apache.httpcomponents.core5:httpcore5-h2:5.2.4=runtimeClasspath
org.apache.httpcomponents.core5:httpcore5:5.2.4=runtimeClasspath
org.apache.httpcomponents:httpclient:4.5.3=runtimeClasspath
org.apache.httpcomponents:httpcore:4.4.16=runtimeClasspath
org.apache.kafka:kafka-clients:3.6.2=runtimeClasspath
org.apache.logging.log4j:log4j-api:2.21.1=runtimeClasspath
org.apache.logging.log4j:log4j-to-slf4j:2.21.1=runtimeClasspath
org.apache.tomcat.embed:tomcat-embed-core:10.1.25=runtimeClasspath
org.apache.tomcat.embed:tomcat-embed-el:10.1.25=runtimeClasspath
org.apache.tomcat.embed:tomcat-embed-websocket:10.1.25=runtimeClasspath
org.aspectj:aspectjweaver:1.9.22=runtimeClasspath
org.bouncycastle:bcprov-jdk18on:1.77=runtimeClasspath
org.codehaus.jettison:jettison:1.5.4=runtimeClasspath
org.codehaus.woodstox:stax2-api:4.2.1=runtimeClasspath
org.eclipse.angus:angus-activation:2.0.2=runtimeClasspath
org.glassfish.jaxb:jaxb-core:4.0.5=runtimeClasspath
org.glassfish.jaxb:jaxb-runtime:4.0.5=runtimeClasspath
org.glassfish.jaxb:txw2:4.0.5=runtimeClasspath
org.hdrhistogram:HdrHistogram:2.1.12=runtimeClasspath
org.hibernate.common:hibernate-commons-annotations:6.0.6.Final=runtimeClasspath
org.hibernate.orm:hibernate-core:6.4.4.Final=runtimeClasspath
org.hibernate.validator:hibernate-validator:8.0.1.Final=runtimeClasspath
org.jboss.logging:jboss-logging:3.5.3.Final=runtimeClasspath
org.latencyutils:LatencyUtils:2.0.3=runtimeClasspath
org.lz4:lz4-java:1.8.0=runtimeClasspath
org.reactivestreams:reactive-streams:1.0.4=runtimeClasspath
org.slf4j:jul-to-slf4j:2.0.13=runtimeClasspath
org.slf4j:slf4j-api:2.0.13=runtimeClasspath
org.springframework.boot:spring-boot-actuator-autoconfigure:3.2.5=runtimeClasspath
org.springframework.boot:spring-boot-actuator:3.2.5=runtimeClasspath
org.springframework.boot:spring-boot-autoconfigure:3.2.5=runtimeClasspath
org.springframework.boot:spring-boot-starter-actuator:3.2.5=runtimeClasspath
org.springframework.boot:spring-boot-starter-aop:3.2.5=runtimeClasspath
org.springframework.boot:spring-boot-starter-cache:3.2.5=runtimeClasspath
org.springframework.boot:spring-boot-starter-data-jpa:3.2.5=runtimeClasspath
org.springframework.boot:spring-boot-starter-jdbc:3.2.5=runtimeClasspath
org.springframework.boot:spring-boot-starter-json:3.2.5=runtimeClasspath
org.springframework.boot:spring-boot-starter-logging:3.2.5=runtimeClasspath
org.springframework.boot:spring-boot-starter-reactor-netty:3.2.5=runtimeClasspath
org.springframework.boot:spring-boot-starter-tomcat:3.2.5=runtimeClasspath
org.springframework.boot:spring-boot-starter-validation:3.2.5=runtimeClasspath
org.springframework.boot:spring-boot-starter-web:3.2.5=runtimeClasspath
org.springframework.boot:spring-boot-starter-webflux:3.2.5=runtimeClasspath
org.springframework.boot:spring-boot-starter:3.2.5=runtimeClasspath
org.springframework.boot:spring-boot:3.2.5=runtimeClasspath
org.springframework.cloud:spring-cloud-commons:4.1.2=runtimeClasspath
org.springframework.cloud:spring-cloud-context:4.1.2=runtimeClasspath
org.springframework.cloud:spring-cloud-loadbalancer:4.1.2=runtimeClasspath
org.springframework.cloud:spring-cloud-netflix-eureka-client:4.1.1=runtimeClasspath
org.springframework.cloud:spring-cloud-starter-loadbalancer:4.1.2=runtimeClasspath
org.springframework.cloud:spring-cloud-starter-netflix-eureka-client:4.1.1=runtimeClasspath
org.springframework.cloud:spring-cloud-starter:4.1.2=runtimeClasspath
org.springframework.data:spring-data-commons:3.2.5=runtimeClasspath
org.springframework.data:spring-data-jpa:3.2.5=runtimeClasspath
org.springframework.kafka:spring-kafka:3.1.4=runtimeClasspath
org.springframework.retry:spring-retry:2.0.5=runtimeClasspath
org.springframework.security:spring-security-crypto:6.2.4=runtimeClasspath
org.springframework.security:spring-security-rsa:1.1.2=runtimeClasspath
org.springframework:spring-aop:6.1.13=runtimeClasspath
org.springframework:spring-aspects:6.1.13=runtimeClasspath
org.springframework:spring-beans:6.1.13=runtimeClasspath
org.springframework:spring-context-support:6.1.13=runtimeClasspath
org.springframework:spring-context:6.1.13=runtimeClasspath
org.springframework:spring-core:6.1.13=runtimeClasspath
org.springframework:spring-expression:6.1.13=runtimeClasspath
org.springframework:spring-jcl:6.1.13=runtimeClasspath
org.springframework:spring-jdbc:6.1.13=runtimeClasspath
org.springframework:spring-messaging:6.1.13=runtimeClasspath
org.springframework:spring-orm:6.1.13=runtimeClasspath
org.springframework:spring-tx:6.1.13=runtimeClasspath
org.springframework:spring-web:6.1.13=runtimeClasspath
org.springframework:spring-webflux:6.1.13=runtimeClasspath
org.springframework:spring-webmvc:6.1.13=runtimeClasspath
org.xerial.snappy:snappy-java:1.1.10.5=runtimeClasspath
org.yaml:snakeyaml:2.2=runtimeClasspath
xmlpull:xmlpull:1.1.3.1=runtimeClasspath
empty=
